
Microsoft Visual Studio Solution File, Format Version 12.00
# Visual Studio 2012
Project("{FAE04EC0-301F-11D3-BF4B-00C04F79EFBC}") = "Turkey", "Turkey\Turkey.csproj", "{45A52053-D9E0-43E0-9909-8D6D5519E602}"
EndProject
Project("{FAE04EC0-301F-11D3-BF4B-00C04F79EFBC}") = "Moose", "Moose\Moose.csproj", "{CDACC827-7F31-4A29-99B8-CDB6A10EE9D9}"
EndProject
Global
	GlobalSection(SolutionConfigurationPlatforms) = preSolution
		Debug|Any CPU = Debug|Any CPU
		Release|Any CPU = Release|Any CPU
	EndGlobalSection
	GlobalSection(ProjectConfigurationPlatforms) = postSolution
		{45A52053-D9E0-43E0-9909-8D6D5519E602}.Debug|Any CPU.ActiveCfg = Debug|Any CPU
		{45A52053-D9E0-43E0-9909-8D6D5519E602}.Debug|Any CPU.Build.0 = Debug|Any CPU
		{45A52053-D9E0-43E0-9909-8D6D5519E602}.Release|Any CPU.ActiveCfg = Release|Any CPU
		{45A52053-D9E0-43E0-9909-8D6D5519E602}.Release|Any CPU.Build.0 = Release|Any CPU
		{CDACC827-7F31-4A29-99B8-CDB6A10EE9D9}.Debug|Any CPU.ActiveCfg = Debug|Any CPU
		{CDACC827-7F31-4A29-99B8-CDB6A10EE9D9}.Debug|Any CPU.Build.0 = Debug|Any CPU
		{CDACC827-7F31-4A29-99B8-CDB6A10EE9D9}.Release|Any CPU.ActiveCfg = Release|Any CPU
		{CDACC827-7F31-4A29-99B8-CDB6A10EE9D9}.Release|Any CPU.Build.0 = Release|Any CPU
	EndGlobalSection
	GlobalSection(SolutionProperties) = preSolution
		HideSolutionNode = FALSE
	EndGlobalSection
EndGlobal
