
Microsoft Visual Studio Solution File, Format Version 11.00
# Visual Studio 2010
Project("{FAE04EC0-301F-11D3-BF4B-00C04F79EFBC}") = "MonoPlatformerGame", "MonoPlatformerGame\MonoPlatformerGame.csproj", "{B455E267-ADD0-4C9B-B5C1-83095F226BF9}"
EndProject
Project("{FAE04EC0-301F-11D3-BF4B-00C04F79EFBC}") = "DedicatedServerConsole", "DedicatedServerConsole\DedicatedServerConsole.csproj", "{53472F65-0E1B-4644-A3E4-06B907A27EC7}"
EndProject
Global
	GlobalSection(SolutionConfigurationPlatforms) = preSolution
		Android|Any CPU = Android|Any CPU
		Android|Mixed Platforms = Android|Mixed Platforms
		Android|x86 = Android|x86
		Debug|Any CPU = Debug|Any CPU
		Debug|Mixed Platforms = Debug|Mixed Platforms
		Debug|x86 = Debug|x86
		iOS|Any CPU = iOS|Any CPU
		iOS|Mixed Platforms = iOS|Mixed Platforms
		iOS|x86 = iOS|x86
		Linux|Any CPU = Linux|Any CPU
		Linux|Mixed Platforms = Linux|Mixed Platforms
		Linux|x86 = Linux|x86
		OSX|Any CPU = OSX|Any CPU
		OSX|Mixed Platforms = OSX|Mixed Platforms
		OSX|x86 = OSX|x86
		PSM|Any CPU = PSM|Any CPU
		PSM|Mixed Platforms = PSM|Mixed Platforms
		PSM|x86 = PSM|x86
		Release|Any CPU = Release|Any CPU
		Release|Mixed Platforms = Release|Mixed Platforms
		Release|x86 = Release|x86
		Windows|Any CPU = Windows|Any CPU
		Windows|Mixed Platforms = Windows|Mixed Platforms
		Windows|x86 = Windows|x86
		Windows8|Any CPU = Windows8|Any CPU
		Windows8|Mixed Platforms = Windows8|Mixed Platforms
		Windows8|x86 = Windows8|x86
	EndGlobalSection
	GlobalSection(ProjectConfigurationPlatforms) = postSolution
		{B455E267-ADD0-4C9B-B5C1-83095F226BF9}.Android|Any CPU.ActiveCfg = Release|x86
		{B455E267-ADD0-4C9B-B5C1-83095F226BF9}.Android|Mixed Platforms.ActiveCfg = Release|x86
		{B455E267-ADD0-4C9B-B5C1-83095F226BF9}.Android|Mixed Platforms.Build.0 = Release|x86
		{B455E267-ADD0-4C9B-B5C1-83095F226BF9}.Android|x86.ActiveCfg = Release|x86
		{B455E267-ADD0-4C9B-B5C1-83095F226BF9}.Android|x86.Build.0 = Release|x86
		{B455E267-ADD0-4C9B-B5C1-83095F226BF9}.Debug|Any CPU.ActiveCfg = Debug|x86
		{B455E267-ADD0-4C9B-B5C1-83095F226BF9}.Debug|Mixed Platforms.ActiveCfg = Debug|x86
		{B455E267-ADD0-4C9B-B5C1-83095F226BF9}.Debug|Mixed Platforms.Build.0 = Debug|x86
		{B455E267-ADD0-4C9B-B5C1-83095F226BF9}.Debug|x86.ActiveCfg = Debug|x86
		{B455E267-ADD0-4C9B-B5C1-83095F226BF9}.Debug|x86.Build.0 = Debug|x86
		{B455E267-ADD0-4C9B-B5C1-83095F226BF9}.iOS|Any CPU.ActiveCfg = Release|x86
		{B455E267-ADD0-4C9B-B5C1-83095F226BF9}.iOS|Mixed Platforms.ActiveCfg = Release|x86
		{B455E267-ADD0-4C9B-B5C1-83095F226BF9}.iOS|Mixed Platforms.Build.0 = Release|x86
		{B455E267-ADD0-4C9B-B5C1-83095F226BF9}.iOS|x86.ActiveCfg = Release|x86
		{B455E267-ADD0-4C9B-B5C1-83095F226BF9}.iOS|x86.Build.0 = Release|x86
		{B455E267-ADD0-4C9B-B5C1-83095F226BF9}.Linux|Any CPU.ActiveCfg = Release|x86
		{B455E267-ADD0-4C9B-B5C1-83095F226BF9}.Linux|Mixed Platforms.ActiveCfg = Release|x86
		{B455E267-ADD0-4C9B-B5C1-83095F226BF9}.Linux|Mixed Platforms.Build.0 = Release|x86
		{B455E267-ADD0-4C9B-B5C1-83095F226BF9}.Linux|x86.ActiveCfg = Release|x86
		{B455E267-ADD0-4C9B-B5C1-83095F226BF9}.Linux|x86.Build.0 = Release|x86
		{B455E267-ADD0-4C9B-B5C1-83095F226BF9}.OSX|Any CPU.ActiveCfg = Release|x86
		{B455E267-ADD0-4C9B-B5C1-83095F226BF9}.OSX|Mixed Platforms.ActiveCfg = Release|x86
		{B455E267-ADD0-4C9B-B5C1-83095F226BF9}.OSX|Mixed Platforms.Build.0 = Release|x86
		{B455E267-ADD0-4C9B-B5C1-83095F226BF9}.OSX|x86.ActiveCfg = Release|x86
		{B455E267-ADD0-4C9B-B5C1-83095F226BF9}.OSX|x86.Build.0 = Release|x86
		{B455E267-ADD0-4C9B-B5C1-83095F226BF9}.PSM|Any CPU.ActiveCfg = Release|x86
		{B455E267-ADD0-4C9B-B5C1-83095F226BF9}.PSM|Mixed Platforms.ActiveCfg = Release|x86
		{B455E267-ADD0-4C9B-B5C1-83095F226BF9}.PSM|Mixed Platforms.Build.0 = Release|x86
		{B455E267-ADD0-4C9B-B5C1-83095F226BF9}.PSM|x86.ActiveCfg = Release|x86
		{B455E267-ADD0-4C9B-B5C1-83095F226BF9}.PSM|x86.Build.0 = Release|x86
		{B455E267-ADD0-4C9B-B5C1-83095F226BF9}.Release|Any CPU.ActiveCfg = Release|x86
		{B455E267-ADD0-4C9B-B5C1-83095F226BF9}.Release|Mixed Platforms.ActiveCfg = Release|x86
		{B455E267-ADD0-4C9B-B5C1-83095F226BF9}.Release|Mixed Platforms.Build.0 = Release|x86
		{B455E267-ADD0-4C9B-B5C1-83095F226BF9}.Release|x86.ActiveCfg = Release|x86
		{B455E267-ADD0-4C9B-B5C1-83095F226BF9}.Release|x86.Build.0 = Release|x86
		{B455E267-ADD0-4C9B-B5C1-83095F226BF9}.Windows|Any CPU.ActiveCfg = Release|x86
		{B455E267-ADD0-4C9B-B5C1-83095F226BF9}.Windows|Mixed Platforms.ActiveCfg = Release|x86
		{B455E267-ADD0-4C9B-B5C1-83095F226BF9}.Windows|Mixed Platforms.Build.0 = Release|x86
		{B455E267-ADD0-4C9B-B5C1-83095F226BF9}.Windows|x86.ActiveCfg = Release|x86
		{B455E267-ADD0-4C9B-B5C1-83095F226BF9}.Windows|x86.Build.0 = Release|x86
		{B455E267-ADD0-4C9B-B5C1-83095F226BF9}.Windows8|Any CPU.ActiveCfg = Release|x86
		{B455E267-ADD0-4C9B-B5C1-83095F226BF9}.Windows8|Mixed Platforms.ActiveCfg = Release|x86
		{B455E267-ADD0-4C9B-B5C1-83095F226BF9}.Windows8|Mixed Platforms.Build.0 = Release|x86
		{B455E267-ADD0-4C9B-B5C1-83095F226BF9}.Windows8|x86.ActiveCfg = Release|x86
		{B455E267-ADD0-4C9B-B5C1-83095F226BF9}.Windows8|x86.Build.0 = Release|x86
		{53472F65-0E1B-4644-A3E4-06B907A27EC7}.Android|Any CPU.ActiveCfg = Release|Any CPU
		{53472F65-0E1B-4644-A3E4-06B907A27EC7}.Android|Any CPU.Build.0 = Release|Any CPU
		{53472F65-0E1B-4644-A3E4-06B907A27EC7}.Android|Mixed Platforms.ActiveCfg = Release|Any CPU
		{53472F65-0E1B-4644-A3E4-06B907A27EC7}.Android|Mixed Platforms.Build.0 = Release|Any CPU
		{53472F65-0E1B-4644-A3E4-06B907A27EC7}.Android|x86.ActiveCfg = Release|Any CPU
		{53472F65-0E1B-4644-A3E4-06B907A27EC7}.Debug|Any CPU.ActiveCfg = Debug|Any CPU
		{53472F65-0E1B-4644-A3E4-06B907A27EC7}.Debug|Any CPU.Build.0 = Debug|Any CPU
		{53472F65-0E1B-4644-A3E4-06B907A27EC7}.Debug|Mixed Platforms.ActiveCfg = Debug|Any CPU
		{53472F65-0E1B-4644-A3E4-06B907A27EC7}.Debug|Mixed Platforms.Build.0 = Debug|Any CPU
		{53472F65-0E1B-4644-A3E4-06B907A27EC7}.Debug|x86.ActiveCfg = Debug|Any CPU
		{53472F65-0E1B-4644-A3E4-06B907A27EC7}.iOS|Any CPU.ActiveCfg = Release|Any CPU
		{53472F65-0E1B-4644-A3E4-06B907A27EC7}.iOS|Any CPU.Build.0 = Release|Any CPU
		{53472F65-0E1B-4644-A3E4-06B907A27EC7}.iOS|Mixed Platforms.ActiveCfg = Release|Any CPU
		{53472F65-0E1B-4644-A3E4-06B907A27EC7}.iOS|Mixed Platforms.Build.0 = Release|Any CPU
		{53472F65-0E1B-4644-A3E4-06B907A27EC7}.iOS|x86.ActiveCfg = Release|Any CPU
		{53472F65-0E1B-4644-A3E4-06B907A27EC7}.Linux|Any CPU.ActiveCfg = Release|Any CPU
		{53472F65-0E1B-4644-A3E4-06B907A27EC7}.Linux|Any CPU.Build.0 = Release|Any CPU
		{53472F65-0E1B-4644-A3E4-06B907A27EC7}.Linux|Mixed Platforms.ActiveCfg = Release|Any CPU
		{53472F65-0E1B-4644-A3E4-06B907A27EC7}.Linux|Mixed Platforms.Build.0 = Release|Any CPU
		{53472F65-0E1B-4644-A3E4-06B907A27EC7}.Linux|x86.ActiveCfg = Release|Any CPU
		{53472F65-0E1B-4644-A3E4-06B907A27EC7}.OSX|Any CPU.ActiveCfg = Release|Any CPU
		{53472F65-0E1B-4644-A3E4-06B907A27EC7}.OSX|Any CPU.Build.0 = Release|Any CPU
		{53472F65-0E1B-4644-A3E4-06B907A27EC7}.OSX|Mixed Platforms.ActiveCfg = Release|Any CPU
		{53472F65-0E1B-4644-A3E4-06B907A27EC7}.OSX|Mixed Platforms.Build.0 = Release|Any CPU
		{53472F65-0E1B-4644-A3E4-06B907A27EC7}.OSX|x86.ActiveCfg = Release|Any CPU
		{53472F65-0E1B-4644-A3E4-06B907A27EC7}.PSM|Any CPU.ActiveCfg = Release|Any CPU
		{53472F65-0E1B-4644-A3E4-06B907A27EC7}.PSM|Any CPU.Build.0 = Release|Any CPU
		{53472F65-0E1B-4644-A3E4-06B907A27EC7}.PSM|Mixed Platforms.ActiveCfg = Release|Any CPU
		{53472F65-0E1B-4644-A3E4-06B907A27EC7}.PSM|Mixed Platforms.Build.0 = Release|Any CPU
		{53472F65-0E1B-4644-A3E4-06B907A27EC7}.PSM|x86.ActiveCfg = Release|Any CPU
		{53472F65-0E1B-4644-A3E4-06B907A27EC7}.Release|Any CPU.ActiveCfg = Release|Any CPU
		{53472F65-0E1B-4644-A3E4-06B907A27EC7}.Release|Any CPU.Build.0 = Release|Any CPU
		{53472F65-0E1B-4644-A3E4-06B907A27EC7}.Release|Mixed Platforms.ActiveCfg = Release|Any CPU
		{53472F65-0E1B-4644-A3E4-06B907A27EC7}.Release|Mixed Platforms.Build.0 = Release|Any CPU
		{53472F65-0E1B-4644-A3E4-06B907A27EC7}.Release|x86.ActiveCfg = Release|Any CPU
		{53472F65-0E1B-4644-A3E4-06B907A27EC7}.Windows|Any CPU.ActiveCfg = Release|Any CPU
		{53472F65-0E1B-4644-A3E4-06B907A27EC7}.Windows|Any CPU.Build.0 = Release|Any CPU
		{53472F65-0E1B-4644-A3E4-06B907A27EC7}.Windows|Mixed Platforms.ActiveCfg = Release|Any CPU
		{53472F65-0E1B-4644-A3E4-06B907A27EC7}.Windows|Mixed Platforms.Build.0 = Release|Any CPU
		{53472F65-0E1B-4644-A3E4-06B907A27EC7}.Windows|x86.ActiveCfg = Release|Any CPU
		{53472F65-0E1B-4644-A3E4-06B907A27EC7}.Windows8|Any CPU.ActiveCfg = Release|Any CPU
		{53472F65-0E1B-4644-A3E4-06B907A27EC7}.Windows8|Any CPU.Build.0 = Release|Any CPU
		{53472F65-0E1B-4644-A3E4-06B907A27EC7}.Windows8|Mixed Platforms.ActiveCfg = Release|Any CPU
		{53472F65-0E1B-4644-A3E4-06B907A27EC7}.Windows8|Mixed Platforms.Build.0 = Release|Any CPU
		{53472F65-0E1B-4644-A3E4-06B907A27EC7}.Windows8|x86.ActiveCfg = Release|Any CPU
	EndGlobalSection
	GlobalSection(SolutionProperties) = preSolution
		HideSolutionNode = FALSE
	EndGlobalSection
	GlobalSection(MonoDevelopProperties) = preSolution
		StartupItem = DedicatedServerConsole\DedicatedServerConsole.csproj
	EndGlobalSection
EndGlobal
